// !$*UTF8*$!
{
	archiveVersion = 1;
	classes = {
	};
	objectVersion = 46;
	objects = {

/* Begin PBXBuildFile section */
		8227296F1BEBEB810036200A /* VDMapCacher.swift in Sources */ = {isa = PBXBuildFile; fileRef = 8227296E1BEBEB810036200A /* VDMapCacher.swift */; };
		822729711BEBEB990036200A /* Constants.swift in Sources */ = {isa = PBXBuildFile; fileRef = 822729701BEBEB990036200A /* Constants.swift */; };
		822729761BEBEE8A0036200A /* MapTableViewCell.swift in Sources */ = {isa = PBXBuildFile; fileRef = 822729741BEBEE8A0036200A /* MapTableViewCell.swift */; };
		822729771BEBEE8A0036200A /* MapTableViewCell.xib in Resources */ = {isa = PBXBuildFile; fileRef = 822729751BEBEE8A0036200A /* MapTableViewCell.xib */; };
		829CE20D1BEBD2B500054D78 /* AppDelegate.swift in Sources */ = {isa = PBXBuildFile; fileRef = 829CE20C1BEBD2B500054D78 /* AppDelegate.swift */; };
		829CE20F1BEBD2B500054D78 /* ListViewController.swift in Sources */ = {isa = PBXBuildFile; fileRef = 829CE20E1BEBD2B500054D78 /* ListViewController.swift */; };
		829CE2111BEBD2B500054D78 /* OverviewViewController.swift in Sources */ = {isa = PBXBuildFile; fileRef = 829CE2101BEBD2B500054D78 /* OverviewViewController.swift */; };
		829CE2141BEBD2B500054D78 /* Main.storyboard in Resources */ = {isa = PBXBuildFile; fileRef = 829CE2121BEBD2B500054D78 /* Main.storyboard */; };
		829CE2161BEBD2B500054D78 /* Assets.xcassets in Resources */ = {isa = PBXBuildFile; fileRef = 829CE2151BEBD2B500054D78 /* Assets.xcassets */; };
		829CE2191BEBD2B500054D78 /* LaunchScreen.storyboard in Resources */ = {isa = PBXBuildFile; fileRef = 829CE2171BEBD2B500054D78 /* LaunchScreen.storyboard */; };
/* End PBXBuildFile section */

/* Begin PBXFileReference section */
		8227296E1BEBEB810036200A /* VDMapCacher.swift */ = {isa = PBXFileReference; fileEncoding = 4; lastKnownFileType = sourcecode.swift; path = VDMapCacher.swift; sourceTree = "<group>"; };
		822729701BEBEB990036200A /* Constants.swift */ = {isa = PBXFileReference; fileEncoding = 4; lastKnownFileType = sourcecode.swift; path = Constants.swift; sourceTree = "<group>"; };
		822729741BEBEE8A0036200A /* MapTableViewCell.swift */ = {isa = PBXFileReference; fileEncoding = 4; lastKnownFileType = sourcecode.swift; path = MapTableViewCell.swift; sourceTree = "<group>"; };
		822729751BEBEE8A0036200A /* MapTableViewCell.xib */ = {isa = PBXFileReference; fileEncoding = 4; lastKnownFileType = file.xib; path = MapTableViewCell.xib; sourceTree = "<group>"; };
		829CE2091BEBD2B500054D78 /* VDMapCacherExample.app */ = {isa = PBXFileReference; explicitFileType = wrapper.application; includeInIndex = 0; path = VDMapCacherExample.app; sourceTree = BUILT_PRODUCTS_DIR; };
		829CE20C1BEBD2B500054D78 /* AppDelegate.swift */ = {isa = PBXFileReference; lastKnownFileType = sourcecode.swift; path = AppDelegate.swift; sourceTree = "<group>"; };
		829CE20E1BEBD2B500054D78 /* ListViewController.swift */ = {isa = PBXFileReference; lastKnownFileType = sourcecode.swift; path = ListViewController.swift; sourceTree = "<group>"; };
		829CE2101BEBD2B500054D78 /* OverviewViewController.swift */ = {isa = PBXFileReference; lastKnownFileType = sourcecode.swift; path = OverviewViewController.swift; sourceTree = "<group>"; };
		829CE2131BEBD2B500054D78 /* Base */ = {isa = PBXFileReference; lastKnownFileType = file.storyboard; name = Base; path = Base.lproj/Main.storyboard; sourceTree = "<group>"; };
		829CE2151BEBD2B500054D78 /* Assets.xcassets */ = {isa = PBXFileReference; lastKnownFileType = folder.assetcatalog; path = Assets.xcassets; sourceTree = "<group>"; };
		829CE2181BEBD2B500054D78 /* Base */ = {isa = PBXFileReference; lastKnownFileType = file.storyboard; name = Base; path = Base.lproj/LaunchScreen.storyboard; sourceTree = "<group>"; };
		829CE21A1BEBD2B500054D78 /* Info.plist */ = {isa = PBXFileReference; lastKnownFileType = text.plist.xml; path = Info.plist; sourceTree = "<group>"; };
/* End PBXFileReference section */

/* Begin PBXFrameworksBuildPhase section */
		829CE2061BEBD2B500054D78 /* Frameworks */ = {
			isa = PBXFrameworksBuildPhase;
			buildActionMask = 2147483647;
			files = (
			);
			runOnlyForDeploymentPostprocessing = 0;
		};
/* End PBXFrameworksBuildPhase section */

/* Begin PBXGroup section */
		822729721BEBEE7F0036200A /* List */ = {
			isa = PBXGroup;
			children = (
				829CE20E1BEBD2B500054D78 /* ListViewController.swift */,
				822729731BEBEE8A0036200A /* xibs */,
			);
			name = List;
			sourceTree = "<group>";
		};
		822729731BEBEE8A0036200A /* xibs */ = {
			isa = PBXGroup;
			children = (
				822729741BEBEE8A0036200A /* MapTableViewCell.swift */,
				822729751BEBEE8A0036200A /* MapTableViewCell.xib */,
			);
			path = xibs;
			sourceTree = "<group>";
		};
		829CE2001BEBD2B500054D78 = {
			isa = PBXGroup;
			children = (
				829CE20B1BEBD2B500054D78 /* VDMapCacherExample */,
				829CE20A1BEBD2B500054D78 /* Products */,
			);
			sourceTree = "<group>";
		};
		829CE20A1BEBD2B500054D78 /* Products */ = {
			isa = PBXGroup;
			children = (
				829CE2091BEBD2B500054D78 /* VDMapCacherExample.app */,
			);
			name = Products;
			sourceTree = "<group>";
		};
		829CE20B1BEBD2B500054D78 /* VDMapCacherExample */ = {
			isa = PBXGroup;
			children = (
				8227296E1BEBEB810036200A /* VDMapCacher.swift */,
				829CE2101BEBD2B500054D78 /* OverviewViewController.swift */,
				822729721BEBEE7F0036200A /* List */,
				829CE2201BEBD32C00054D78 /* Supporting Files */,
			);
			path = VDMapCacherExample;
			sourceTree = "<group>";
		};
		829CE2201BEBD32C00054D78 /* Supporting Files */ = {
			isa = PBXGroup;
			children = (
				822729701BEBEB990036200A /* Constants.swift */,
				829CE20C1BEBD2B500054D78 /* AppDelegate.swift */,
				829CE2121BEBD2B500054D78 /* Main.storyboard */,
				829CE2151BEBD2B500054D78 /* Assets.xcassets */,
				829CE2171BEBD2B500054D78 /* LaunchScreen.storyboard */,
				829CE21A1BEBD2B500054D78 /* Info.plist */,
			);
			name = "Supporting Files";
			sourceTree = "<group>";
		};
/* End PBXGroup section */

/* Begin PBXNativeTarget section */
		829CE2081BEBD2B500054D78 /* VDMapCacherExample */ = {
			isa = PBXNativeTarget;
			buildConfigurationList = 829CE21D1BEBD2B500054D78 /* Build configuration list for PBXNativeTarget "VDMapCacherExample" */;
			buildPhases = (
				829CE2051BEBD2B500054D78 /* Sources */,
				829CE2061BEBD2B500054D78 /* Frameworks */,
				829CE2071BEBD2B500054D78 /* Resources */,
			);
			buildRules = (
			);
			dependencies = (
			);
			name = VDMapCacherExample;
			productName = VDMapCacherExample;
			productReference = 829CE2091BEBD2B500054D78 /* VDMapCacherExample.app */;
			productType = "com.apple.product-type.application";
		};
/* End PBXNativeTarget section */

/* Begin PBXProject section */
		829CE2011BEBD2B500054D78 /* Project object */ = {
			isa = PBXProject;
			attributes = {
				LastSwiftUpdateCheck = 0710;
				LastUpgradeCheck = 0710;
				ORGANIZATIONNAME = "Vadim Drobinin";
				TargetAttributes = {
					829CE2081BEBD2B500054D78 = {
						CreatedOnToolsVersion = 7.1;
						DevelopmentTeam = X72G5VQBS8;
					};
				};
			};
			buildConfigurationList = 829CE2041BEBD2B500054D78 /* Build configuration list for PBXProject "VDMapCacherExample" */;
			compatibilityVersion = "Xcode 3.2";
			developmentRegion = English;
			hasScannedForEncodings = 0;
			knownRegions = (
				en,
				Base,
			);
			mainGroup = 829CE2001BEBD2B500054D78;
			productRefGroup = 829CE20A1BEBD2B500054D78 /* Products */;
			projectDirPath = "";
			projectRoot = "";
			targets = (
				829CE2081BEBD2B500054D78 /* VDMapCacherExample */,
			);
		};
/* End PBXProject section */

/* Begin PBXResourcesBuildPhase section */
		829CE2071BEBD2B500054D78 /* Resources */ = {
			isa = PBXResourcesBuildPhase;
			buildActionMask = 2147483647;
			files = (
				829CE2191BEBD2B500054D78 /* LaunchScreen.storyboard in Resources */,
				829CE2161BEBD2B500054D78 /* Assets.xcassets in Resources */,
				822729771BEBEE8A0036200A /* MapTableViewCell.xib in Resources */,
				829CE2141BEBD2B500054D78 /* Main.storyboard in Resources */,
			);
			runOnlyForDeploymentPostprocessing = 0;
		};
/* End PBXResourcesBuildPhase section */

/* Begin PBXSourcesBuildPhase section */
		829CE2051BEBD2B500054D78 /* Sources */ = {
			isa = PBXSourcesBuildPhase;
			buildActionMask = 2147483647;
			files = (
				822729711BEBEB990036200A /* Constants.swift in Sources */,
				829CE2111BEBD2B500054D78 /* OverviewViewController.swift in Sources */,
				822729761BEBEE8A0036200A /* MapTableViewCell.swift in Sources */,
				829CE20D1BEBD2B500054D78 /* AppDelegate.swift in Sources */,
				8227296F1BEBEB810036200A /* VDMapCacher.swift in Sources */,
				829CE20F1BEBD2B500054D78 /* ListViewController.swift in Sources */,
			);
			runOnlyForDeploymentPostprocessing = 0;
		};
/* End PBXSourcesBuildPhase section */

/* Begin PBXVariantGroup section */
		829CE2121BEBD2B500054D78 /* Main.storyboard */ = {
			isa = PBXVariantGroup;
			children = (
				829CE2131BEBD2B500054D78 /* Base */,
			);
			name = Main.storyboard;
			sourceTree = "<group>";
		};
		829CE2171BEBD2B500054D78 /* LaunchScreen.storyboard */ = {
			isa = PBXVariantGroup;
			children = (
				829CE2181BEBD2B500054D78 /* Base */,
			);
			name = LaunchScreen.storyboard;
			sourceTree = "<group>";
		};
/* End PBXVariantGroup section */

/* Begin XCBuildConfiguration section */
		829CE21B1BEBD2B500054D78 /* Debug */ = {
			isa = XCBuildConfiguration;
			buildSettings = {
				ALWAYS_SEARCH_USER_PATHS = NO;
				CLANG_CXX_LANGUAGE_STANDARD = "gnu++0x";
				CLANG_CXX_LIBRARY = "libc++";
				CLANG_ENABLE_MODULES = YES;
				CLANG_ENABLE_OBJC_ARC = YES;
				CLANG_WARN_BOOL_CONVERSION = YES;
				CLANG_WARN_CONSTANT_CONVERSION = YES;
				CLANG_WARN_DIRECT_OBJC_ISA_USAGE = YES_ERROR;
				CLANG_WARN_EMPTY_BODY = YES;
				CLANG_WARN_ENUM_CONVERSION = YES;
				CLANG_WARN_INT_CONVERSION = YES;
				CLANG_WARN_OBJC_ROOT_CLASS = YES_ERROR;
				CLANG_WARN_UNREACHABLE_CODE = YES;
				CLANG_WARN__DUPLICATE_METHOD_MATCH = YES;
				"CODE_SIGN_IDENTITY[sdk=iphoneos*]" = "iPhone Developer";
				COPY_PHASE_STRIP = NO;
				DEBUG_INFORMATION_FORMAT = dwarf;
				ENABLE_STRICT_OBJC_MSGSEND = YES;
				ENABLE_TESTABILITY = YES;
				GCC_C_LANGUAGE_STANDARD = gnu99;
				GCC_DYNAMIC_NO_PIC = NO;
				GCC_NO_COMMON_BLOCKS = YES;
				GCC_OPTIMIZATION_LEVEL = 0;
				GCC_PREPROCESSOR_DEFINITIONS = (
					"DEBUG=1",
					"$(inherited)",
				);
				GCC_WARN_64_TO_32_BIT_CONVERSION = YES;
				GCC_WARN_ABOUT_RETURN_TYPE = YES_ERROR;
				GCC_WARN_UNDECLARED_SELECTOR = YES;
				GCC_WARN_UNINITIALIZED_AUTOS = YES_AGGRESSIVE;
				GCC_WARN_UNUSED_FUNCTION = YES;
				GCC_WARN_UNUSED_VARIABLE = YES;
				IPHONEOS_DEPLOYMENT_TARGET = 9.1;
				MTL_ENABLE_DEBUG_INFO = YES;
				ONLY_ACTIVE_ARCH = YES;
				SDKROOT = iphoneos;
				SWIFT_OPTIMIZATION_LEVEL = "-Onone";
				TARGETED_DEVICE_FAMILY = "1,2";
			};
			name = Debug;
		};
		829CE21C1BEBD2B500054D78 /* Release */ = {
			isa = XCBuildConfiguration;
			buildSettings = {
				ALWAYS_SEARCH_USER_PATHS = NO;
				CLANG_CXX_LANGUAGE_STANDARD = "gnu++0x";
				CLANG_CXX_LIBRARY = "libc++";
				CLANG_ENABLE_MODULES = YES;
				CLANG_ENABLE_OBJC_ARC = YES;
				CLANG_WARN_BOOL_CONVERSION = YES;
				CLANG_WARN_CONSTANT_CONVERSION = YES;
				CLANG_WARN_DIRECT_OBJC_ISA_USAGE = YES_ERROR;
				CLANG_WARN_EMPTY_BODY = YES;
				CLANG_WARN_ENUM_CONVERSION = YES;
				CLANG_WARN_INT_CONVERSION = YES;
				CLANG_WARN_OBJC_ROOT_CLASS = YES_ERROR;
				CLANG_WARN_UNREACHABLE_CODE = YES;
				CLANG_WARN__DUPLICATE_METHOD_MATCH = YES;
				"CODE_SIGN_IDENTITY[sdk=iphoneos*]" = "iPhone Developer";
				COPY_PHASE_STRIP = NO;
				DEBUG_INFORMATION_FORMAT = "dwarf-with-dsym";
				ENABLE_NS_ASSERTIONS = NO;
				ENABLE_STRICT_OBJC_MSGSEND = YES;
				GCC_C_LANGUAGE_STANDARD = gnu99;
				GCC_NO_COMMON_BLOCKS = YES;
				GCC_WARN_64_TO_32_BIT_CONVERSION = YES;
				GCC_WARN_ABOUT_RETURN_TYPE = YES_ERROR;
				GCC_WARN_UNDECLARED_SELECTOR = YES;
				GCC_WARN_UNINITIALIZED_AUTOS = YES_AGGRESSIVE;
				GCC_WARN_UNUSED_FUNCTION = YES;
				GCC_WARN_UNUSED_VARIABLE = YES;
				IPHONEOS_DEPLOYMENT_TARGET = 9.1;
				MTL_ENABLE_DEBUG_INFO = NO;
				SDKROOT = iphoneos;
				TARGETED_DEVICE_FAMILY = "1,2";
				VALIDATE_PRODUCT = YES;
			};
			name = Release;
		};
		829CE21E1BEBD2B500054D78 /* Debug */ = {
			isa = XCBuildConfiguration;
			buildSettings = {
				ASSETCATALOG_COMPILER_APPICON_NAME = AppIcon;
				CODE_SIGN_IDENTITY = "iPhone Developer";
				INFOPLIST_FILE = VDMapCacherExample/Info.plist;
				LD_RUNPATH_SEARCH_PATHS = "$(inherited) @executable_path/Frameworks";
				PRODUCT_BUNDLE_IDENTIFIER = com.drobinin.VDMapCacherExample;
				PRODUCT_NAME = "$(TARGET_NAME)";
			};
			name = Debug;
		};
		829CE21F1BEBD2B500054D78 /* Release */ = {
			isa = XCBuildConfiguration;
			buildSettings = {
				ASSETCATALOG_COMPILER_APPICON_NAME = AppIcon;
				CODE_SIGN_IDENTITY = "iPhone Developer";
				INFOPLIST_FILE = VDMapCacherExample/Info.plist;
				LD_RUNPATH_SEARCH_PATHS = "$(inherited) @executable_path/Frameworks";
				PRODUCT_BUNDLE_IDENTIFIER = com.drobinin.VDMapCacherExample;
				PRODUCT_NAME = "$(TARGET_NAME)";
			};
			name = Release;
		};
/* End XCBuildConfiguration section */

/* Begin XCConfigurationList section */
		829CE2041BEBD2B500054D78 /* Build configuration list for PBXProject "VDMapCacherExample" */ = {
			isa = XCConfigurationList;
			buildConfigurations = (
				829CE21B1BEBD2B500054D78 /* Debug */,
				829CE21C1BEBD2B500054D78 /* Release */,
			);
			defaultConfigurationIsVisible = 0;
			defaultConfigurationName = Release;
		};
		829CE21D1BEBD2B500054D78 /* Build configuration list for PBXNativeTarget "VDMapCacherExample" */ = {
			isa = XCConfigurationList;
			buildConfigurations = (
				829CE21E1BEBD2B500054D78 /* Debug */,
				829CE21F1BEBD2B500054D78 /* Release */,
			);
			defaultConfigurationIsVisible = 0;
			defaultConfigurationName = Release;
		};
/* End XCConfigurationList section */
	};
	rootObject = 829CE2011BEBD2B500054D78 /* Project object */;
}
